
Microsoft Visual Studio Solution File, Format Version 12.00
# Visual Studio Version 16
VisualStudioVersion = 16.0.30204.135
MinimumVisualStudioVersion = 10.0.40219.1
Project("{FAE04EC0-301F-11D3-BF4B-00C04F79EFBC}") = "RandomlukuSilmukkaharjoitus", "RandomlukuSilmukkaharjoitus\RandomlukuSilmukkaharjoitus.csproj", "{731FB6F2-FE33-4869-8817-61A61C753EC6}"
EndProject
Global
	GlobalSection(SolutionConfigurationPlatforms) = preSolution
		Debug|Any CPU = Debug|Any CPU
		Release|Any CPU = Release|Any CPU
	EndGlobalSection
	GlobalSection(ProjectConfigurationPlatforms) = postSolution
		{731FB6F2-FE33-4869-8817-61A61C753EC6}.Debug|Any CPU.ActiveCfg = Debug|Any CPU
		{731FB6F2-FE33-4869-8817-61A61C753EC6}.Debug|Any CPU.Build.0 = Debug|Any CPU
		{731FB6F2-FE33-4869-8817-61A61C753EC6}.Release|Any CPU.ActiveCfg = Release|Any CPU
		{731FB6F2-FE33-4869-8817-61A61C753EC6}.Release|Any CPU.Build.0 = Release|Any CPU
	EndGlobalSection
	GlobalSection(SolutionProperties) = preSolution
		HideSolutionNode = FALSE
	EndGlobalSection
	GlobalSection(ExtensibilityGlobals) = postSolution
		SolutionGuid = {D39F4D09-0714-4BD6-8322-D65C061593E9}
	EndGlobalSection
EndGlobal
